// !$*UTF8*$!
{
	archiveVersion = 1;
	classes = {
	};
	objectVersion = 50;
	objects = {

/* Begin PBXBuildFile section */
		25C03B7C21545B5000AFEE8F /* AppDelegate.swift in Sources */ = {isa = PBXBuildFile; fileRef = 25C03B7B21545B5000AFEE8F /* AppDelegate.swift */; };
		25C03B8121545B5000AFEE8F /* Main.storyboard in Resources */ = {isa = PBXBuildFile; fileRef = 25C03B7F21545B5000AFEE8F /* Main.storyboard */; };
		25C03B8321545B5100AFEE8F /* Assets.xcassets in Resources */ = {isa = PBXBuildFile; fileRef = 25C03B8221545B5100AFEE8F /* Assets.xcassets */; };
		25C03B8621545B5100AFEE8F /* LaunchScreen.storyboard in Resources */ = {isa = PBXBuildFile; fileRef = 25C03B8421545B5100AFEE8F /* LaunchScreen.storyboard */; };
		25C03B94215464C900AFEE8F /* SWRevealViewController.m in Sources */ = {isa = PBXBuildFile; fileRef = 25C03B93215464C900AFEE8F /* SWRevealViewController.m */; };
		25C03B96215467A800AFEE8F /* ChatViewController.swift in Sources */ = {isa = PBXBuildFile; fileRef = 25C03B95215467A800AFEE8F /* ChatViewController.swift */; };
		25C03B98215467BD00AFEE8F /* ChannelViewController.swift in Sources */ = {isa = PBXBuildFile; fileRef = 25C03B97215467BD00AFEE8F /* ChannelViewController.swift */; };
		25C03B9A21546D0900AFEE8F /* GradientView.swift in Sources */ = {isa = PBXBuildFile; fileRef = 25C03B9921546D0900AFEE8F /* GradientView.swift */; };
		25C03B9C21547C4700AFEE8F /* LoginViewController.swift in Sources */ = {isa = PBXBuildFile; fileRef = 25C03B9B21547C4700AFEE8F /* LoginViewController.swift */; };
		25C03B9F21547D4800AFEE8F /* Constants.swift in Sources */ = {isa = PBXBuildFile; fileRef = 25C03B9E21547D4800AFEE8F /* Constants.swift */; };
		25C03BA12154857700AFEE8F /* CreateAcctViewController.swift in Sources */ = {isa = PBXBuildFile; fileRef = 25C03BA02154857700AFEE8F /* CreateAcctViewController.swift */; };
		25C03BA421549C8000AFEE8F /* AuthService.swift in Sources */ = {isa = PBXBuildFile; fileRef = 25C03BA321549C8000AFEE8F /* AuthService.swift */; };
		25C03BA62154A7A800AFEE8F /* RoundedButton.swift in Sources */ = {isa = PBXBuildFile; fileRef = 25C03BA52154A7A800AFEE8F /* RoundedButton.swift */; };
		25D4808A2155AAB300C575CB /* UserDataService.swift in Sources */ = {isa = PBXBuildFile; fileRef = 25D480892155AAB300C575CB /* UserDataService.swift */; };
		25D4808C2155E61100C575CB /* IconsViewController.swift in Sources */ = {isa = PBXBuildFile; fileRef = 25D4808B2155E61100C575CB /* IconsViewController.swift */; };
		25D4808E2155EA7400C575CB /* IconCollectionViewCell.swift in Sources */ = {isa = PBXBuildFile; fileRef = 25D4808D2155EA7400C575CB /* IconCollectionViewCell.swift */; };
		25D480902155FC9A00C575CB /* RoundedImage.swift in Sources */ = {isa = PBXBuildFile; fileRef = 25D4808F2155FC9A00C575CB /* RoundedImage.swift */; };
		25D480992156AF8600C575CB /* Creation.storyboard in Resources */ = {isa = PBXBuildFile; fileRef = 25D480982156AF8600C575CB /* Creation.storyboard */; };
		25D4809C2156B10500C575CB /* ProfileViewController.swift in Sources */ = {isa = PBXBuildFile; fileRef = 25D4809A2156B10500C575CB /* ProfileViewController.swift */; };
		25D4809D2156B10500C575CB /* ProfileViewController.xib in Resources */ = {isa = PBXBuildFile; fileRef = 25D4809B2156B10500C575CB /* ProfileViewController.xib */; };
		25D480A02156B51900C575CB /* RoundedView.swift in Sources */ = {isa = PBXBuildFile; fileRef = 25D4809F2156B51900C575CB /* RoundedView.swift */; };
		25D480A32156C62900C575CB /* EditProfileViewController.swift in Sources */ = {isa = PBXBuildFile; fileRef = 25D480A12156C62900C575CB /* EditProfileViewController.swift */; };
		25D480A42156C62900C575CB /* EditProfileViewController.xib in Resources */ = {isa = PBXBuildFile; fileRef = 25D480A22156C62900C575CB /* EditProfileViewController.xib */; };
		25D480AE2156E52200C575CB /* IconPresentable.swift in Sources */ = {isa = PBXBuildFile; fileRef = 25D480AD2156E52200C575CB /* IconPresentable.swift */; };
		25D480B42157026900C575CB /* MessageService.swift in Sources */ = {isa = PBXBuildFile; fileRef = 25D480B32157026900C575CB /* MessageService.swift */; };
		25D480B6215702A400C575CB /* Channel.swift in Sources */ = {isa = PBXBuildFile; fileRef = 25D480B5215702A400C575CB /* Channel.swift */; };
		25D480B821570BD400C575CB /* ChannelCell.swift in Sources */ = {isa = PBXBuildFile; fileRef = 25D480B721570BD400C575CB /* ChannelCell.swift */; };
		25D480BB21572F7800C575CB /* AddChannelVC.swift in Sources */ = {isa = PBXBuildFile; fileRef = 25D480B921572F7800C575CB /* AddChannelVC.swift */; };
		25D480BC21572F7800C575CB /* AddChannelVC.xib in Resources */ = {isa = PBXBuildFile; fileRef = 25D480BA21572F7800C575CB /* AddChannelVC.xib */; };
		7A2A64816A3DBC2EBCC1A930 /* Pods_Chatter.framework in Frameworks */ = {isa = PBXBuildFile; fileRef = 18CA4E8A5F5A14F27F729500 /* Pods_Chatter.framework */; };
/* End PBXBuildFile section */

/* Begin PBXFileReference section */
		18CA4E8A5F5A14F27F729500 /* Pods_Chatter.framework */ = {isa = PBXFileReference; explicitFileType = wrapper.framework; includeInIndex = 0; path = Pods_Chatter.framework; sourceTree = BUILT_PRODUCTS_DIR; };
		25C03B7821545B5000AFEE8F /* Chatter.app */ = {isa = PBXFileReference; explicitFileType = wrapper.application; includeInIndex = 0; path = Chatter.app; sourceTree = BUILT_PRODUCTS_DIR; };
		25C03B7B21545B5000AFEE8F /* AppDelegate.swift */ = {isa = PBXFileReference; lastKnownFileType = sourcecode.swift; path = AppDelegate.swift; sourceTree = "<group>"; };
		25C03B8021545B5000AFEE8F /* Base */ = {isa = PBXFileReference; lastKnownFileType = file.storyboard; name = Base; path = Base.lproj/Main.storyboard; sourceTree = "<group>"; };
		25C03B8221545B5100AFEE8F /* Assets.xcassets */ = {isa = PBXFileReference; lastKnownFileType = folder.assetcatalog; path = Assets.xcassets; sourceTree = "<group>"; };
		25C03B8521545B5100AFEE8F /* Base */ = {isa = PBXFileReference; lastKnownFileType = file.storyboard; name = Base; path = Base.lproj/LaunchScreen.storyboard; sourceTree = "<group>"; };
		25C03B8721545B5100AFEE8F /* Info.plist */ = {isa = PBXFileReference; lastKnownFileType = text.plist.xml; path = Info.plist; sourceTree = "<group>"; };
		25C03B91215464C800AFEE8F /* Chatter-Bridging-Header.h */ = {isa = PBXFileReference; lastKnownFileType = sourcecode.c.h; path = "Chatter-Bridging-Header.h"; sourceTree = "<group>"; };
		25C03B92215464C900AFEE8F /* SWRevealViewController.h */ = {isa = PBXFileReference; fileEncoding = 4; lastKnownFileType = sourcecode.c.h; path = SWRevealViewController.h; sourceTree = "<group>"; };
		25C03B93215464C900AFEE8F /* SWRevealViewController.m */ = {isa = PBXFileReference; fileEncoding = 4; lastKnownFileType = sourcecode.c.objc; path = SWRevealViewController.m; sourceTree = "<group>"; };
		25C03B95215467A800AFEE8F /* ChatViewController.swift */ = {isa = PBXFileReference; lastKnownFileType = sourcecode.swift; path = ChatViewController.swift; sourceTree = "<group>"; };
		25C03B97215467BD00AFEE8F /* ChannelViewController.swift */ = {isa = PBXFileReference; lastKnownFileType = sourcecode.swift; path = ChannelViewController.swift; sourceTree = "<group>"; };
		25C03B9921546D0900AFEE8F /* GradientView.swift */ = {isa = PBXFileReference; lastKnownFileType = sourcecode.swift; path = GradientView.swift; sourceTree = "<group>"; };
		25C03B9B21547C4700AFEE8F /* LoginViewController.swift */ = {isa = PBXFileReference; lastKnownFileType = sourcecode.swift; path = LoginViewController.swift; sourceTree = "<group>"; };
		25C03B9E21547D4800AFEE8F /* Constants.swift */ = {isa = PBXFileReference; lastKnownFileType = sourcecode.swift; path = Constants.swift; sourceTree = "<group>"; };
		25C03BA02154857700AFEE8F /* CreateAcctViewController.swift */ = {isa = PBXFileReference; lastKnownFileType = sourcecode.swift; path = CreateAcctViewController.swift; sourceTree = "<group>"; };
		25C03BA321549C8000AFEE8F /* AuthService.swift */ = {isa = PBXFileReference; lastKnownFileType = sourcecode.swift; path = AuthService.swift; sourceTree = "<group>"; };
		25C03BA52154A7A800AFEE8F /* RoundedButton.swift */ = {isa = PBXFileReference; lastKnownFileType = sourcecode.swift; path = RoundedButton.swift; sourceTree = "<group>"; };
		25D480892155AAB300C575CB /* UserDataService.swift */ = {isa = PBXFileReference; lastKnownFileType = sourcecode.swift; path = UserDataService.swift; sourceTree = "<group>"; };
		25D4808B2155E61100C575CB /* IconsViewController.swift */ = {isa = PBXFileReference; lastKnownFileType = sourcecode.swift; path = IconsViewController.swift; sourceTree = "<group>"; };
		25D4808D2155EA7400C575CB /* IconCollectionViewCell.swift */ = {isa = PBXFileReference; lastKnownFileType = sourcecode.swift; path = IconCollectionViewCell.swift; sourceTree = "<group>"; };
		25D4808F2155FC9A00C575CB /* RoundedImage.swift */ = {isa = PBXFileReference; lastKnownFileType = sourcecode.swift; path = RoundedImage.swift; sourceTree = "<group>"; };
		25D480982156AF8600C575CB /* Creation.storyboard */ = {isa = PBXFileReference; lastKnownFileType = file.storyboard; path = Creation.storyboard; sourceTree = "<group>"; };
		25D4809A2156B10500C575CB /* ProfileViewController.swift */ = {isa = PBXFileReference; lastKnownFileType = sourcecode.swift; path = ProfileViewController.swift; sourceTree = "<group>"; };
		25D4809B2156B10500C575CB /* ProfileViewController.xib */ = {isa = PBXFileReference; lastKnownFileType = file.xib; path = ProfileViewController.xib; sourceTree = "<group>"; };
		25D4809F2156B51900C575CB /* RoundedView.swift */ = {isa = PBXFileReference; lastKnownFileType = sourcecode.swift; path = RoundedView.swift; sourceTree = "<group>"; };
		25D480A12156C62900C575CB /* EditProfileViewController.swift */ = {isa = PBXFileReference; lastKnownFileType = sourcecode.swift; path = EditProfileViewController.swift; sourceTree = "<group>"; };
		25D480A22156C62900C575CB /* EditProfileViewController.xib */ = {isa = PBXFileReference; lastKnownFileType = file.xib; path = EditProfileViewController.xib; sourceTree = "<group>"; };
		25D480AD2156E52200C575CB /* IconPresentable.swift */ = {isa = PBXFileReference; lastKnownFileType = sourcecode.swift; path = IconPresentable.swift; sourceTree = "<group>"; };
		25D480B32157026900C575CB /* MessageService.swift */ = {isa = PBXFileReference; lastKnownFileType = sourcecode.swift; path = MessageService.swift; sourceTree = "<group>"; };
		25D480B5215702A400C575CB /* Channel.swift */ = {isa = PBXFileReference; lastKnownFileType = sourcecode.swift; path = Channel.swift; sourceTree = "<group>"; };
		25D480B721570BD400C575CB /* ChannelCell.swift */ = {isa = PBXFileReference; lastKnownFileType = sourcecode.swift; path = ChannelCell.swift; sourceTree = "<group>"; };
		25D480B921572F7800C575CB /* AddChannelVC.swift */ = {isa = PBXFileReference; lastKnownFileType = sourcecode.swift; path = AddChannelVC.swift; sourceTree = "<group>"; };
		25D480BA21572F7800C575CB /* AddChannelVC.xib */ = {isa = PBXFileReference; lastKnownFileType = file.xib; path = AddChannelVC.xib; sourceTree = "<group>"; };
		50E753C5971DE40E8BB1A202 /* Pods-Chatter.release.xcconfig */ = {isa = PBXFileReference; includeInIndex = 1; lastKnownFileType = text.xcconfig; name = "Pods-Chatter.release.xcconfig"; path = "Pods/Target Support Files/Pods-Chatter/Pods-Chatter.release.xcconfig"; sourceTree = "<group>"; };
		F0A9DD78AA09B01C9A927ACA /* Pods-Chatter.debug.xcconfig */ = {isa = PBXFileReference; includeInIndex = 1; lastKnownFileType = text.xcconfig; name = "Pods-Chatter.debug.xcconfig"; path = "Pods/Target Support Files/Pods-Chatter/Pods-Chatter.debug.xcconfig"; sourceTree = "<group>"; };
/* End PBXFileReference section */

/* Begin PBXFrameworksBuildPhase section */
		25C03B7521545B5000AFEE8F /* Frameworks */ = {
			isa = PBXFrameworksBuildPhase;
			buildActionMask = 2147483647;
			files = (
				7A2A64816A3DBC2EBCC1A930 /* Pods_Chatter.framework in Frameworks */,
			);
			runOnlyForDeploymentPostprocessing = 0;
		};
/* End PBXFrameworksBuildPhase section */

/* Begin PBXGroup section */
		25C03B6F21545B5000AFEE8F = {
			isa = PBXGroup;
			children = (
				25C03B7A21545B5000AFEE8F /* Chatter */,
				25C03B7921545B5000AFEE8F /* Products */,
				4FB0E51EF4CEE0D098C7037C /* Pods */,
				D963045FA90ACA65C2090E40 /* Frameworks */,
			);
			sourceTree = "<group>";
		};
		25C03B7921545B5000AFEE8F /* Products */ = {
			isa = PBXGroup;
			children = (
				25C03B7821545B5000AFEE8F /* Chatter.app */,
			);
			name = Products;
			sourceTree = "<group>";
		};
		25C03B7A21545B5000AFEE8F /* Chatter */ = {
			isa = PBXGroup;
			children = (
				25D4809E2156B12800C575CB /* XIB's */,
				25C03BA221549C6000AFEE8F /* Services */,
				25C03B9D21547D2D00AFEE8F /* utils */,
				25C03B902154649100AFEE8F /* Supporting Files */,
				25C03B8F21545BCD00AFEE8F /* Model */,
				25C03B8E21545BC400AFEE8F /* View */,
				25C03B8D21545BB900AFEE8F /* Controller */,
				25C03B7B21545B5000AFEE8F /* AppDelegate.swift */,
				25C03B7F21545B5000AFEE8F /* Main.storyboard */,
				25D480982156AF8600C575CB /* Creation.storyboard */,
				25C03B8221545B5100AFEE8F /* Assets.xcassets */,
				25C03B8421545B5100AFEE8F /* LaunchScreen.storyboard */,
				25C03B8721545B5100AFEE8F /* Info.plist */,
			);
			path = Chatter;
			sourceTree = "<group>";
		};
		25C03B8D21545BB900AFEE8F /* Controller */ = {
			isa = PBXGroup;
			children = (
				25C03B95215467A800AFEE8F /* ChatViewController.swift */,
				25C03B97215467BD00AFEE8F /* ChannelViewController.swift */,
				25C03B9B21547C4700AFEE8F /* LoginViewController.swift */,
				25C03BA02154857700AFEE8F /* CreateAcctViewController.swift */,
				25D4808B2155E61100C575CB /* IconsViewController.swift */,
				25D4809A2156B10500C575CB /* ProfileViewController.swift */,
				25D480A12156C62900C575CB /* EditProfileViewController.swift */,
				25D480B921572F7800C575CB /* AddChannelVC.swift */,
			);
			path = Controller;
			sourceTree = "<group>";
		};
		25C03B8E21545BC400AFEE8F /* View */ = {
			isa = PBXGroup;
			children = (
				25C03B9921546D0900AFEE8F /* GradientView.swift */,
				25C03BA52154A7A800AFEE8F /* RoundedButton.swift */,
				25D4808D2155EA7400C575CB /* IconCollectionViewCell.swift */,
				25D4808F2155FC9A00C575CB /* RoundedImage.swift */,
				25D4809F2156B51900C575CB /* RoundedView.swift */,
				25D480B721570BD400C575CB /* ChannelCell.swift */,
			);
			path = View;
			sourceTree = "<group>";
		};
		25C03B8F21545BCD00AFEE8F /* Model */ = {
			isa = PBXGroup;
			children = (
				25D480B5215702A400C575CB /* Channel.swift */,
			);
			path = Model;
			sourceTree = "<group>";
		};
		25C03B902154649100AFEE8F /* Supporting Files */ = {
			isa = PBXGroup;
			children = (
				25C03B92215464C900AFEE8F /* SWRevealViewController.h */,
				25C03B93215464C900AFEE8F /* SWRevealViewController.m */,
				25C03B91215464C800AFEE8F /* Chatter-Bridging-Header.h */,
			);
			path = "Supporting Files";
			sourceTree = "<group>";
		};
		25C03B9D21547D2D00AFEE8F /* utils */ = {
			isa = PBXGroup;
			children = (
				25C03B9E21547D4800AFEE8F /* Constants.swift */,
			);
			path = utils;
			sourceTree = "<group>";
		};
		25C03BA221549C6000AFEE8F /* Services */ = {
			isa = PBXGroup;
			children = (
				25C03BA321549C8000AFEE8F /* AuthService.swift */,
				25D480892155AAB300C575CB /* UserDataService.swift */,
				25D480AD2156E52200C575CB /* IconPresentable.swift */,
				25D480B32157026900C575CB /* MessageService.swift */,
			);
			path = Services;
			sourceTree = "<group>";
		};
		25D4809E2156B12800C575CB /* XIB's */ = {
			isa = PBXGroup;
			children = (
				25D4809B2156B10500C575CB /* ProfileViewController.xib */,
				25D480A22156C62900C575CB /* EditProfileViewController.xib */,
				25D480BA21572F7800C575CB /* AddChannelVC.xib */,
			);
			path = "XIB's";
			sourceTree = "<group>";
		};
		4FB0E51EF4CEE0D098C7037C /* Pods */ = {
			isa = PBXGroup;
			children = (
				F0A9DD78AA09B01C9A927ACA /* Pods-Chatter.debug.xcconfig */,
				50E753C5971DE40E8BB1A202 /* Pods-Chatter.release.xcconfig */,
			);
			name = Pods;
			sourceTree = "<group>";
		};
		D963045FA90ACA65C2090E40 /* Frameworks */ = {
			isa = PBXGroup;
			children = (
				18CA4E8A5F5A14F27F729500 /* Pods_Chatter.framework */,
			);
			name = Frameworks;
			sourceTree = "<group>";
		};
/* End PBXGroup section */

/* Begin PBXNativeTarget section */
		25C03B7721545B5000AFEE8F /* Chatter */ = {
			isa = PBXNativeTarget;
			buildConfigurationList = 25C03B8A21545B5100AFEE8F /* Build configuration list for PBXNativeTarget "Chatter" */;
			buildPhases = (
				48B0B3A2B90F99548D0FDFB0 /* [CP] Check Pods Manifest.lock */,
				25C03B7421545B5000AFEE8F /* Sources */,
				25C03B7521545B5000AFEE8F /* Frameworks */,
				25C03B7621545B5000AFEE8F /* Resources */,
				BF4FB13BC45E26B80C5755D9 /* [CP] Embed Pods Frameworks */,
			);
			buildRules = (
			);
			dependencies = (
			);
			name = Chatter;
			productName = Chatter;
			productReference = 25C03B7821545B5000AFEE8F /* Chatter.app */;
			productType = "com.apple.product-type.application";
		};
/* End PBXNativeTarget section */

/* Begin PBXProject section */
		25C03B7021545B5000AFEE8F /* Project object */ = {
			isa = PBXProject;
			attributes = {
				LastSwiftUpdateCheck = 0940;
				LastUpgradeCheck = 0940;
				ORGANIZATIONNAME = "Devodriq Roberts";
				TargetAttributes = {
					25C03B7721545B5000AFEE8F = {
						CreatedOnToolsVersion = 9.4.1;
						LastSwiftMigration = 0940;
					};
				};
			};
			buildConfigurationList = 25C03B7321545B5000AFEE8F /* Build configuration list for PBXProject "Chatter" */;
			compatibilityVersion = "Xcode 9.3";
			developmentRegion = en;
			hasScannedForEncodings = 0;
			knownRegions = (
				en,
				Base,
			);
			mainGroup = 25C03B6F21545B5000AFEE8F;
			productRefGroup = 25C03B7921545B5000AFEE8F /* Products */;
			projectDirPath = "";
			projectRoot = "";
			targets = (
				25C03B7721545B5000AFEE8F /* Chatter */,
			);
		};
/* End PBXProject section */

/* Begin PBXResourcesBuildPhase section */
		25C03B7621545B5000AFEE8F /* Resources */ = {
			isa = PBXResourcesBuildPhase;
			buildActionMask = 2147483647;
			files = (
				25C03B8621545B5100AFEE8F /* LaunchScreen.storyboard in Resources */,
				25D480BC21572F7800C575CB /* AddChannelVC.xib in Resources */,
				25C03B8321545B5100AFEE8F /* Assets.xcassets in Resources */,
				25D480A42156C62900C575CB /* EditProfileViewController.xib in Resources */,
				25C03B8121545B5000AFEE8F /* Main.storyboard in Resources */,
				25D4809D2156B10500C575CB /* ProfileViewController.xib in Resources */,
				25D480992156AF8600C575CB /* Creation.storyboard in Resources */,
			);
			runOnlyForDeploymentPostprocessing = 0;
		};
/* End PBXResourcesBuildPhase section */

/* Begin PBXShellScriptBuildPhase section */
		48B0B3A2B90F99548D0FDFB0 /* [CP] Check Pods Manifest.lock */ = {
			isa = PBXShellScriptBuildPhase;
			buildActionMask = 2147483647;
			files = (
			);
			inputPaths = (
				"${PODS_PODFILE_DIR_PATH}/Podfile.lock",
				"${PODS_ROOT}/Manifest.lock",
			);
			name = "[CP] Check Pods Manifest.lock";
			outputPaths = (
				"$(DERIVED_FILE_DIR)/Pods-Chatter-checkManifestLockResult.txt",
			);
			runOnlyForDeploymentPostprocessing = 0;
			shellPath = /bin/sh;
			shellScript = "diff \"${PODS_PODFILE_DIR_PATH}/Podfile.lock\" \"${PODS_ROOT}/Manifest.lock\" > /dev/null\nif [ $? != 0 ] ; then\n    # print error to STDERR\n    echo \"error: The sandbox is not in sync with the Podfile.lock. Run 'pod install' or update your CocoaPods installation.\" >&2\n    exit 1\nfi\n# This output is used by Xcode 'outputs' to avoid re-running this script phase.\necho \"SUCCESS\" > \"${SCRIPT_OUTPUT_FILE_0}\"\n";
			showEnvVarsInLog = 0;
		};
		BF4FB13BC45E26B80C5755D9 /* [CP] Embed Pods Frameworks */ = {
			isa = PBXShellScriptBuildPhase;
			buildActionMask = 2147483647;
			files = (
			);
			inputPaths = (
				"${SRCROOT}/Pods/Target Support Files/Pods-Chatter/Pods-Chatter-frameworks.sh",
				"${BUILT_PRODUCTS_DIR}/Alamofire/Alamofire.framework",
				"${BUILT_PRODUCTS_DIR}/SVProgressHUD/SVProgressHUD.framework",
				"${BUILT_PRODUCTS_DIR}/Socket.IO-Client-Swift/SocketIO.framework",
				"${BUILT_PRODUCTS_DIR}/Starscream/Starscream.framework",
				"${BUILT_PRODUCTS_DIR}/SwiftyJSON/SwiftyJSON.framework",
			);
			name = "[CP] Embed Pods Frameworks";
			outputPaths = (
				"${TARGET_BUILD_DIR}/${FRAMEWORKS_FOLDER_PATH}/Alamofire.framework",
				"${TARGET_BUILD_DIR}/${FRAMEWORKS_FOLDER_PATH}/SVProgressHUD.framework",
				"${TARGET_BUILD_DIR}/${FRAMEWORKS_FOLDER_PATH}/SocketIO.framework",
				"${TARGET_BUILD_DIR}/${FRAMEWORKS_FOLDER_PATH}/Starscream.framework",
				"${TARGET_BUILD_DIR}/${FRAMEWORKS_FOLDER_PATH}/SwiftyJSON.framework",
			);
			runOnlyForDeploymentPostprocessing = 0;
			shellPath = /bin/sh;
			shellScript = "\"${SRCROOT}/Pods/Target Support Files/Pods-Chatter/Pods-Chatter-frameworks.sh\"\n";
			showEnvVarsInLog = 0;
		};
/* End PBXShellScriptBuildPhase section */

/* Begin PBXSourcesBuildPhase section */
		25C03B7421545B5000AFEE8F /* Sources */ = {
			isa = PBXSourcesBuildPhase;
			buildActionMask = 2147483647;
			files = (
				25C03B9C21547C4700AFEE8F /* LoginViewController.swift in Sources */,
				25D480B6215702A400C575CB /* Channel.swift in Sources */,
				25C03BA62154A7A800AFEE8F /* RoundedButton.swift in Sources */,
				25D480B42157026900C575CB /* MessageService.swift in Sources */,
				25D480B821570BD400C575CB /* ChannelCell.swift in Sources */,
				25C03B7C21545B5000AFEE8F /* AppDelegate.swift in Sources */,
				25D480BB21572F7800C575CB /* AddChannelVC.swift in Sources */,
				25D4808A2155AAB300C575CB /* UserDataService.swift in Sources */,
				25D4808E2155EA7400C575CB /* IconCollectionViewCell.swift in Sources */,
				25C03B96215467A800AFEE8F /* ChatViewController.swift in Sources */,
				25C03BA421549C8000AFEE8F /* AuthService.swift in Sources */,
				25C03B9F21547D4800AFEE8F /* Constants.swift in Sources */,
				25D480A02156B51900C575CB /* RoundedView.swift in Sources */,
				25D4808C2155E61100C575CB /* IconsViewController.swift in Sources */,
				25D480A32156C62900C575CB /* EditProfileViewController.swift in Sources */,
				25D480902155FC9A00C575CB /* RoundedImage.swift in Sources */,
				25D480AE2156E52200C575CB /* IconPresentable.swift in Sources */,
				25C03B9A21546D0900AFEE8F /* GradientView.swift in Sources */,
				25C03B98215467BD00AFEE8F /* ChannelViewController.swift in Sources */,
				25D4809C2156B10500C575CB /* ProfileViewController.swift in Sources */,
				25C03B94215464C900AFEE8F /* SWRevealViewController.m in Sources */,
				25C03BA12154857700AFEE8F /* CreateAcctViewController.swift in Sources */,
			);
			runOnlyForDeploymentPostprocessing = 0;
		};
/* End PBXSourcesBuildPhase section */

/* Begin PBXVariantGroup section */
		25C03B7F21545B5000AFEE8F /* Main.storyboard */ = {
			isa = PBXVariantGroup;
			children = (
				25C03B8021545B5000AFEE8F /* Base */,
			);
			name = Main.storyboard;
			sourceTree = "<group>";
		};
		25C03B8421545B5100AFEE8F /* LaunchScreen.storyboard */ = {
			isa = PBXVariantGroup;
			children = (
				25C03B8521545B5100AFEE8F /* Base */,
			);
			name = LaunchScreen.storyboard;
			sourceTree = "<group>";
		};
/* End PBXVariantGroup section */

/* Begin XCBuildConfiguration section */
		25C03B8821545B5100AFEE8F /* Debug */ = {
			isa = XCBuildConfiguration;
			buildSettings = {
				ALWAYS_SEARCH_USER_PATHS = NO;
				CLANG_ANALYZER_NONNULL = YES;
				CLANG_ANALYZER_NUMBER_OBJECT_CONVERSION = YES_AGGRESSIVE;
				CLANG_CXX_LANGUAGE_STANDARD = "gnu++14";
				CLANG_CXX_LIBRARY = "libc++";
				CLANG_ENABLE_MODULES = YES;
				CLANG_ENABLE_OBJC_ARC = YES;
				CLANG_ENABLE_OBJC_WEAK = YES;
				CLANG_WARN_BLOCK_CAPTURE_AUTORELEASING = YES;
				CLANG_WARN_BOOL_CONVERSION = YES;
				CLANG_WARN_COMMA = YES;
				CLANG_WARN_CONSTANT_CONVERSION = YES;
				CLANG_WARN_DEPRECATED_OBJC_IMPLEMENTATIONS = YES;
				CLANG_WARN_DIRECT_OBJC_ISA_USAGE = YES_ERROR;
				CLANG_WARN_DOCUMENTATION_COMMENTS = YES;
				CLANG_WARN_EMPTY_BODY = YES;
				CLANG_WARN_ENUM_CONVERSION = YES;
				CLANG_WARN_INFINITE_RECURSION = YES;
				CLANG_WARN_INT_CONVERSION = YES;
				CLANG_WARN_NON_LITERAL_NULL_CONVERSION = YES;
				CLANG_WARN_OBJC_IMPLICIT_RETAIN_SELF = YES;
				CLANG_WARN_OBJC_LITERAL_CONVERSION = YES;
				CLANG_WARN_OBJC_ROOT_CLASS = YES_ERROR;
				CLANG_WARN_RANGE_LOOP_ANALYSIS = YES;
				CLANG_WARN_STRICT_PROTOTYPES = YES;
				CLANG_WARN_SUSPICIOUS_MOVE = YES;
				CLANG_WARN_UNGUARDED_AVAILABILITY = YES_AGGRESSIVE;
				CLANG_WARN_UNREACHABLE_CODE = YES;
				CLANG_WARN__DUPLICATE_METHOD_MATCH = YES;
				CODE_SIGN_IDENTITY = "iPhone Developer";
				COPY_PHASE_STRIP = NO;
				DEBUG_INFORMATION_FORMAT = dwarf;
				ENABLE_STRICT_OBJC_MSGSEND = YES;
				ENABLE_TESTABILITY = YES;
				GCC_C_LANGUAGE_STANDARD = gnu11;
				GCC_DYNAMIC_NO_PIC = NO;
				GCC_NO_COMMON_BLOCKS = YES;
				GCC_OPTIMIZATION_LEVEL = 0;
				GCC_PREPROCESSOR_DEFINITIONS = (
					"DEBUG=1",
					"$(inherited)",
				);
				GCC_WARN_64_TO_32_BIT_CONVERSION = YES;
				GCC_WARN_ABOUT_RETURN_TYPE = YES_ERROR;
				GCC_WARN_UNDECLARED_SELECTOR = YES;
				GCC_WARN_UNINITIALIZED_AUTOS = YES_AGGRESSIVE;
				GCC_WARN_UNUSED_FUNCTION = YES;
				GCC_WARN_UNUSED_VARIABLE = YES;
				IPHONEOS_DEPLOYMENT_TARGET = 11.4;
				MTL_ENABLE_DEBUG_INFO = YES;
				ONLY_ACTIVE_ARCH = YES;
				SDKROOT = iphoneos;
				SWIFT_ACTIVE_COMPILATION_CONDITIONS = DEBUG;
				SWIFT_OPTIMIZATION_LEVEL = "-Onone";
			};
			name = Debug;
		};
		25C03B8921545B5100AFEE8F /* Release */ = {
			isa = XCBuildConfiguration;
			buildSettings = {
				ALWAYS_SEARCH_USER_PATHS = NO;
				CLANG_ANALYZER_NONNULL = YES;
				CLANG_ANALYZER_NUMBER_OBJECT_CONVERSION = YES_AGGRESSIVE;
				CLANG_CXX_LANGUAGE_STANDARD = "gnu++14";
				CLANG_CXX_LIBRARY = "libc++";
				CLANG_ENABLE_MODULES = YES;
				CLANG_ENABLE_OBJC_ARC = YES;
				CLANG_ENABLE_OBJC_WEAK = YES;
				CLANG_WARN_BLOCK_CAPTURE_AUTORELEASING = YES;
				CLANG_WARN_BOOL_CONVERSION = YES;
				CLANG_WARN_COMMA = YES;
				CLANG_WARN_CONSTANT_CONVERSION = YES;
				CLANG_WARN_DEPRECATED_OBJC_IMPLEMENTATIONS = YES;
				CLANG_WARN_DIRECT_OBJC_ISA_USAGE = YES_ERROR;
				CLANG_WARN_DOCUMENTATION_COMMENTS = YES;
				CLANG_WARN_EMPTY_BODY = YES;
				CLANG_WARN_ENUM_CONVERSION = YES;
				CLANG_WARN_INFINITE_RECURSION = YES;
				CLANG_WARN_INT_CONVERSION = YES;
				CLANG_WARN_NON_LITERAL_NULL_CONVERSION = YES;
				CLANG_WARN_OBJC_IMPLICIT_RETAIN_SELF = YES;
				CLANG_WARN_OBJC_LITERAL_CONVERSION = YES;
				CLANG_WARN_OBJC_ROOT_CLASS = YES_ERROR;
				CLANG_WARN_RANGE_LOOP_ANALYSIS = YES;
				CLANG_WARN_STRICT_PROTOTYPES = YES;
				CLANG_WARN_SUSPICIOUS_MOVE = YES;
				CLANG_WARN_UNGUARDED_AVAILABILITY = YES_AGGRESSIVE;
				CLANG_WARN_UNREACHABLE_CODE = YES;
				CLANG_WARN__DUPLICATE_METHOD_MATCH = YES;
				CODE_SIGN_IDENTITY = "iPhone Developer";
				COPY_PHASE_STRIP = NO;
				DEBUG_INFORMATION_FORMAT = "dwarf-with-dsym";
				ENABLE_NS_ASSERTIONS = NO;
				ENABLE_STRICT_OBJC_MSGSEND = YES;
				GCC_C_LANGUAGE_STANDARD = gnu11;
				GCC_NO_COMMON_BLOCKS = YES;
				GCC_WARN_64_TO_32_BIT_CONVERSION = YES;
				GCC_WARN_ABOUT_RETURN_TYPE = YES_ERROR;
				GCC_WARN_UNDECLARED_SELECTOR = YES;
				GCC_WARN_UNINITIALIZED_AUTOS = YES_AGGRESSIVE;
				GCC_WARN_UNUSED_FUNCTION = YES;
				GCC_WARN_UNUSED_VARIABLE = YES;
				IPHONEOS_DEPLOYMENT_TARGET = 11.4;
				MTL_ENABLE_DEBUG_INFO = NO;
				SDKROOT = iphoneos;
				SWIFT_COMPILATION_MODE = wholemodule;
				SWIFT_OPTIMIZATION_LEVEL = "-O";
				VALIDATE_PRODUCT = YES;
			};
			name = Release;
		};
		25C03B8B21545B5100AFEE8F /* Debug */ = {
			isa = XCBuildConfiguration;
			baseConfigurationReference = F0A9DD78AA09B01C9A927ACA /* Pods-Chatter.debug.xcconfig */;
			buildSettings = {
				ASSETCATALOG_COMPILER_APPICON_NAME = AppIcon;
				CLANG_ENABLE_MODULES = YES;
				CODE_SIGN_STYLE = Automatic;
				DEVELOPMENT_TEAM = R324JN2J7P;
				INFOPLIST_FILE = Chatter/Info.plist;
				LD_RUNPATH_SEARCH_PATHS = (
					"$(inherited)",
					"@executable_path/Frameworks",
				);
				PRODUCT_BUNDLE_IDENTIFIER = com.DevodriqRoberts.Chatter;
				PRODUCT_NAME = "$(TARGET_NAME)";
				SWIFT_OBJC_BRIDGING_HEADER = "Chatter/Supporting Files/Chatter-Bridging-Header.h";
				SWIFT_OPTIMIZATION_LEVEL = "-Onone";
				SWIFT_VERSION = 4.0;
				TARGETED_DEVICE_FAMILY = "1,2";
			};
			name = Debug;
		};
		25C03B8C21545B5100AFEE8F /* Release */ = {
			isa = XCBuildConfiguration;
			baseConfigurationReference = 50E753C5971DE40E8BB1A202 /* Pods-Chatter.release.xcconfig */;
			buildSettings = {
				ASSETCATALOG_COMPILER_APPICON_NAME = AppIcon;
				CLANG_ENABLE_MODULES = YES;
				CODE_SIGN_STYLE = Automatic;
				DEVELOPMENT_TEAM = R324JN2J7P;
				INFOPLIST_FILE = Chatter/Info.plist;
				LD_RUNPATH_SEARCH_PATHS = (
					"$(inherited)",
					"@executable_path/Frameworks",
				);
				PRODUCT_BUNDLE_IDENTIFIER = com.DevodriqRoberts.Chatter;
				PRODUCT_NAME = "$(TARGET_NAME)";
				SWIFT_OBJC_BRIDGING_HEADER = "Chatter/Supporting Files/Chatter-Bridging-Header.h";
				SWIFT_VERSION = 4.0;
				TARGETED_DEVICE_FAMILY = "1,2";
			};
			name = Release;
		};
/* End XCBuildConfiguration section */

/* Begin XCConfigurationList section */
		25C03B7321545B5000AFEE8F /* Build configuration list for PBXProject "Chatter" */ = {
			isa = XCConfigurationList;
			buildConfigurations = (
				25C03B8821545B5100AFEE8F /* Debug */,
				25C03B8921545B5100AFEE8F /* Release */,
			);
			defaultConfigurationIsVisible = 0;
			defaultConfigurationName = Release;
		};
		25C03B8A21545B5100AFEE8F /* Build configuration list for PBXNativeTarget "Chatter" */ = {
			isa = XCConfigurationList;
			buildConfigurations = (
				25C03B8B21545B5100AFEE8F /* Debug */,
				25C03B8C21545B5100AFEE8F /* Release */,
			);
			defaultConfigurationIsVisible = 0;
			defaultConfigurationName = Release;
		};
/* End XCConfigurationList section */
	};
	rootObject = 25C03B7021545B5000AFEE8F /* Project object */;
}
